{
  "version": 4,
  "terraform_version": "1.5.2",
  "serial": 66,
  "lineage": "36909644-1036-2fb5-808c-88ddc673215c",
  "outputs": {
    "k3s_master_ip": {
      "value": "10.0.1.141",
      "type": "string"
    },
    "k3s_private_key_pem": {
      "value": "-----BEGIN RSA PRIVATE KEY-----\nMIIJKQIBAAKCAgEAtLUhzivFsUKYV91YsLoR/6wAJbFi9WdmyR/21eUUjwAyL67p\nG8f/IHp/g3Jif/29P6IK4c1da7EqstZ9o78+5epKnEe/pTV+gQGcZ8ztmU+zzAxM\ndg2LBJWETfHUR9nN4r/nt/SQjifyZSLiDxfr2B1vpK0A8kqP3sbhdIVMEYwfW6c2\n5E5yzlqKvbmFEPTm576Glfz6BH+lupGebwiPKAbYkij0ZVFoSQ0c5cgYB75V1xNd\nZtmIhQ0BbTMnDawsiye0upTMls5p9SBJ80IWCBPTYxV7dQ6lJdWl9uSo2daixj/T\ndSeOZQ7KMwnhC+fLAxJzLJ4mVVqtmwoehTm/11JMgkZ7ZxIuNn+h9ZNxrlPoZ3jz\ndvc2xGs5vFgfqyK7t8GC+CMODe4Ds9MmZOzpBmZFi5iiLB1swlsI8uSpTArhQiGU\nYPe9m4QiH1QQamhOsR6HdvWEtG8VMD6Bo8iSJcbQPYVjnAboBjZj8ECL0Hs4pg8s\nN6HXFsDlqnUfZWIC9CV0st1wrJODc1eXmRZnesvJM+JVS7OMNeBxxy7suDaSefCU\nAKrHCVWrDrtWsou2+M+GU6hnb42qHqMxGbYUPZzlAdaJM+MRxBwzPV1pCk6of+ab\n4PtMgvMZ8iKuBGYzgAffmMagWvamvBYv1Y/CaJanAgQ3T832RQeHQXcqDlkCAwEA\nAQKCAgBrVbdZrbhEHKk+b1QxzKPKOFDyEpYT67Iqvpiv3dzDP7uPhRYjET0h/oDl\nA7ksCvww4sAR9RiLUfVpumtwKrVifTKJ9zgHGmokmF9dbGSojqXeCmQULuEm/ORU\nI9MSRnW7PH+XTWXbejDJD9o0WuIUQQ/CQZxxTgZ8rabWviI7vf4WQ5EgNNSOa0tD\nfAFk3AKXHhz01AlxSJyY38u6adwWS1KyJi9cSullkqtadOqJFu4HzRHKeGVVmi8B\nvMNypJTkptX7iUyoOrzHA8HJArTxYU1K6kSld+hyO5/TsWf11D5lAR5J1RAISKuj\neze4CZsVHQ1aMCnWwwChOXZ9bZrbfBQfhqe1x6Qok7AqEHz+2fZsr1uXMXqLRrMS\nfGIZ16A4dhQfu9YRshXZ0oH7i/o+u822ffwUrPakguG/2HtDLIMPTvlSbe7YLHYo\n+T+wPViw9McTO5s0qBtVx8061UA8zflERlsDFvappVb+Mfa16QYJc8BeaiONSjt7\nz797yYrgdmScIRXlYBLvbGEfByloMgqX8ATWtN6URMjsOfBFo7fFo197EcNR9ZqW\nzpty7xSlZwvZArEYwuwCfms05U60qPnSHQhQ2bjd/U8oKFmZqG7VaE/r0xjgkcpC\nLTdbNCecfhbzA6ubm71yKRaXAntpYnUX6oiKmb7+N8f/vNtPgQKCAQEA2qksmp7j\n3LcIMeShtSZA0BPXzh6lyx3EVAH1Lk+0VoUximeQW3xnYUxH4a/Hqy8ImZBUM/Vi\nfLJ2dENIwKjprcsXoKKs88HHXPhpSwPgdyK9rCMHBlVTLyMcYQJ9nQ1lqjjyxYRw\nn6SKuUW0bw2ffbivsNcr9i2lPMDSENqbD7oTX30iFQYG+lylxJ9Zs5amCUG9yqzl\nL81SmCXEMz754HOeHRPIlxgCNm3sG3ShnH2j9D7YrZOYYMxRXpKyVq8TYEipMpcm\nq4tfhUViRCilH+x8Cfychi5BbicTwoXukRgiW1sUKsZsyeDUbAE4bySDcC06uq5A\n/gTvaJVOUv/9SQKCAQEA05DRbX7mqWAOiLZCdM7/9XL9QhE3wduBhPuEYHpsVUjk\nQYiMe5fLyMgnFElmreqc2z7RvLCcWVUEQSt2ctGv+S0bEZGG7r12wmPvjnk0SmhQ\nWUbc8MEDRwI8kNQr3ltnd4JpBfEI4/lG1oUtY9T2HQVcnQUOO2Vrt5sYcBWnVbGH\nR5t+CsdsgjRVgagyY58tRNQ4qHp8WalL6tTpqjNCtow6iej3Ga92tFr4QF2WXBzE\nVdlHcYfyHLP+KtxlxxuZ+Nt8XUyCzYqXL/RnI9dWRgtpxNijnjkEfg7JJoEWcoBb\nCem3FCSXLgkOrdp2G+zObf20lh1clUHqXG+6EMbYkQKCAQEA0p3dXtnpNbH/bL+C\nm1BLYaGbXujaXXlAoIJ6Pa98T1JgU6ZJwDVmBqxJGLQOKW9WY0RINvwHb4Ee5AHj\nU9/fpg1XptzKpshiVcTY9u63CUonVGUw4QLS6zZwoWiaweojoQDVpzdYnA0LqkXf\n9JA0rg50/Gtl5uw0mv5H2QAYF9/txS5s4784fXM8INY0uu1C5Ouz+kLrR04IXpES\nGSJx4aa8B9oEfrUbfH4IzLFc8bV7dUoLv7XJMoPbZLL8oM5mZXnXr+kz0EyhJ2eb\nrXdRBhztpVjzE7P+RjHRsK79Cjkq7sAd/s29//5V3eqXB0cua6DFTweFhqgOSrh2\nBzCYMQKCAQBXAza/O/QOMU2I+Lz4YbJv9q0moQI3ntn0IaXeMDuiD+qg8VIl+tZ7\na6Z294FdgiKlIX8Nhe2n6Alp7EA5FPi1GNILNbkzM4VGieeax0q0V5bEQRrZgeih\nKdBTGJA6UYmKY35iTTIE4R87V2bFqm7WnL/sbInf7+SPjSBN6Pn7ippC3zbFpCOC\noZeRTeX7hxoNNuNel5HRJonsuUipEZAcmCvzUHdgfwPpRYjYoCUZGVO+ozB5BxqS\np4yfgCnz6+w1p7/Md41Mj/WCaZiJ6yS2hjcoGJmil3y7g8VDKtBao2PN/euoQyxS\naLM62aC993UnU7MUEltjn8qN3f2+rKmhAoIBAQCyGnynw6357+pFRMwNgzkLtzkN\nUrCQqqvnYfFIVbuTRww0FpjLCjBYbnLj+l2upoUtYvE8jbs34azJIeKEq8/U3JKa\nPWsiVQmaUJzS6DuEdJR9zr39VoCWf7oxsCFs1m+Dnp+Ll3ISJj/giPjmilXxGemN\npkcnWA8gN/yPX12sK1F7Es1pjvytmpJd8MuW7ekNEpcFBLfgUDRYciku53lp4+PB\nj8ZW9TYtBDDpfM7J1l/K7MeyiLp6V/bhpDT0G7wEfQWKgaRjhf+Z4NMPmSAdb6Ev\nXStNVgSEcJYyWqP5Ib65YSOS7bCjt3DPRssG5Dnw7+6Nqykgm6vU8mIklYo5\n-----END RSA PRIVATE KEY-----\n",
      "type": "string",
      "sensitive": true
    },
    "k3s_public_key_openssh": {
      "value": "ssh-rsa AAAAB3NzaC1yc2EAAAADAQABAAACAQC0tSHOK8WxQphX3ViwuhH/rAAlsWL1Z2bJH/bV5RSPADIvrukbx/8gen+DcmJ//b0/ogrhzV1rsSqy1n2jvz7l6kqcR7+lNX6BAZxnzO2ZT7PMDEx2DYsElYRN8dRH2c3iv+e39JCOJ/JlIuIPF+vYHW+krQDySo/exuF0hUwRjB9bpzbkTnLOWoq9uYUQ9ObnvoaV/PoEf6W6kZ5vCI8oBtiSKPRlUWhJDRzlyBgHvlXXE11m2YiFDQFtMycNrCyLJ7S6lMyWzmn1IEnzQhYIE9NjFXt1DqUl1aX25KjZ1qLGP9N1J45lDsozCeEL58sDEnMsniZVWq2bCh6FOb/XUkyCRntnEi42f6H1k3GuU+hnePN29zbEazm8WB+rIru3wYL4Iw4N7gOz0yZk7OkGZkWLmKIsHWzCWwjy5KlMCuFCIZRg972bhCIfVBBqaE6xHod29YS0bxUwPoGjyJIlxtA9hWOcBugGNmPwQIvQezimDyw3odcWwOWqdR9lYgL0JXSy3XCsk4NzV5eZFmd6y8kz4lVLs4w14HHHLuy4NpJ58JQAqscJVasOu1ayi7b4z4ZTqGdvjaoeozEZthQ9nOUB1okz4xHEHDM9XWkKTqh/5pvg+0yC8xnyIq4EZjOAB9+YxqBa9qa8Fi/Vj8JolqcCBDdPzfZFB4dBdyoOWQ==\n",
      "type": "string"
    },
    "k3s_worker_ips": {
      "value": [
        "10.0.1.63",
        "10.0.1.234"
      ],
      "type": [
        "tuple",
        [
          "string",
          "string"
        ]
      ]
    },
    "private_subnet_id": {
      "value": "subnet-01c97392033ed485b",
      "type": "string"
    },
    "public_subnet_id": {
      "value": "subnet-0d2a426a119543ec1",
      "type": "string"
    },
    "vpc_id": {
      "value": "vpc-0f3c0d7214eb8e843",
      "type": "string"
    }
  },
  "resources": [
    {
      "mode": "managed",
      "type": "aws_eip",
      "name": "nat",
      "provider": "provider[\"registry.terraform.io/hashicorp/aws\"]",
      "instances": [
        {
          "schema_version": 0,
          "attributes": {
            "address": null,
            "allocation_id": "eipalloc-0732bc6e7504011c1",
            "arn": "arn:aws:ec2:ap-southeast-1:423623842490:elastic-ip/eipalloc-0732bc6e7504011c1",
            "associate_with_private_ip": null,
            "association_id": "eipassoc-0f9e23dd933d16305",
            "carrier_ip": "",
            "customer_owned_ip": "",
            "customer_owned_ipv4_pool": "",
            "domain": "vpc",
            "id": "eipalloc-0732bc6e7504011c1",
            "instance": "",
            "ipam_pool_id": null,
            "network_border_group": "ap-southeast-1",
            "network_interface": "eni-0e806fef623bbfb54",
            "private_dns": "ip-10-0-1-20.ap-southeast-1.compute.internal",
            "private_ip": "10.0.1.20",
            "ptr_record": "",
            "public_dns": "ec2-54-254-251-165.ap-southeast-1.compute.amazonaws.com",
            "public_ip": "54.254.251.165",
            "public_ipv4_pool": "amazon",
            "tags": {},
            "tags_all": {},
            "timeouts": null,
            "vpc": true
          },
          "sensitive_attributes": [],
          "private": "eyJlMmJmYjczMC1lY2FhLTExZTYtOGY4OC0zNDM2M2JjN2M0YzAiOnsiZGVsZXRlIjoxODAwMDAwMDAwMDAsInJlYWQiOjkwMDAwMDAwMDAwMCwidXBkYXRlIjozMDAwMDAwMDAwMDB9fQ=="
        }
      ]
    },
    {
      "mode": "managed",
      "type": "aws_instance",
      "name": "k3s_master",
      "provider": "provider[\"registry.terraform.io/hashicorp/aws\"]",
      "instances": [
        {
          "schema_version": 1,
          "attributes": {
            "ami": "ami-047126e50991d067b",
            "arn": "arn:aws:ec2:ap-southeast-1:423623842490:instance/i-081641e91900c3a80",
            "associate_public_ip_address": true,
            "availability_zone": "ap-southeast-1c",
            "capacity_reservation_specification": [
              {
                "capacity_reservation_preference": "open",
                "capacity_reservation_target": []
              }
            ],
            "cpu_core_count": 1,
            "cpu_options": [
              {
                "amd_sev_snp": "",
                "core_count": 1,
                "threads_per_core": 1
              }
            ],
            "cpu_threads_per_core": 1,
            "credit_specification": [
              {
                "cpu_credits": "standard"
              }
            ],
            "disable_api_stop": false,
            "disable_api_termination": false,
            "ebs_block_device": [],
            "ebs_optimized": false,
            "enclave_options": [
              {
                "enabled": false
              }
            ],
            "ephemeral_block_device": [],
            "get_password_data": false,
            "hibernation": false,
            "host_id": "",
            "host_resource_group_arn": null,
            "iam_instance_profile": "",
            "id": "i-081641e91900c3a80",
            "instance_initiated_shutdown_behavior": "stop",
            "instance_lifecycle": "",
            "instance_market_options": [],
            "instance_state": "running",
            "instance_type": "t2.micro",
            "ipv6_address_count": 0,
            "ipv6_addresses": [],
            "key_name": "web_key",
            "launch_template": [],
            "maintenance_options": [
              {
                "auto_recovery": "default"
              }
            ],
            "metadata_options": [
              {
                "http_endpoint": "enabled",
                "http_protocol_ipv6": "disabled",
                "http_put_response_hop_limit": 2,
                "http_tokens": "required",
                "instance_metadata_tags": "disabled"
              }
            ],
            "monitoring": false,
            "network_interface": [],
            "outpost_arn": "",
            "password_data": "",
            "placement_group": "",
            "placement_partition_number": 0,
            "primary_network_interface_id": "eni-0a64f22837f549e6c",
            "private_dns": "ip-10-0-1-141.ap-southeast-1.compute.internal",
            "private_dns_name_options": [
              {
                "enable_resource_name_dns_a_record": false,
                "enable_resource_name_dns_aaaa_record": false,
                "hostname_type": "ip-name"
              }
            ],
            "private_ip": "10.0.1.141",
            "public_dns": "ec2-18-143-200-166.ap-southeast-1.compute.amazonaws.com",
            "public_ip": "18.143.200.166",
            "root_block_device": [
              {
                "delete_on_termination": true,
                "device_name": "/dev/sda1",
                "encrypted": false,
                "iops": 3000,
                "kms_key_id": "",
                "tags": {},
                "tags_all": {},
                "throughput": 125,
                "volume_id": "vol-0d3975f7245a89a01",
                "volume_size": 8,
                "volume_type": "gp3"
              }
            ],
            "secondary_private_ips": [],
            "security_groups": [],
            "source_dest_check": true,
            "spot_instance_request_id": "",
            "subnet_id": "subnet-0d2a426a119543ec1",
            "tags": {
              "Environment": "Development",
              "Name": "k3s-master"
            },
            "tags_all": {
              "Environment": "Development",
              "Name": "k3s-master"
            },
            "tenancy": "default",
            "timeouts": null,
            "user_data": "1bd5af2bf345d9e666faeb3b268bf8f29b120ddc",
            "user_data_base64": null,
            "user_data_replace_on_change": false,
            "volume_tags": null,
            "vpc_security_group_ids": [
              "sg-0b8396308452a49b0"
            ]
          },
          "sensitive_attributes": [
            [
              {
                "type": "get_attr",
                "value": "user_data"
              }
            ]
          ],
          "private": "eyJlMmJmYjczMC1lY2FhLTExZTYtOGY4OC0zNDM2M2JjN2M0YzAiOnsiY3JlYXRlIjo2MDAwMDAwMDAwMDAsImRlbGV0ZSI6MTIwMDAwMDAwMDAwMCwicmVhZCI6OTAwMDAwMDAwMDAwLCJ1cGRhdGUiOjYwMDAwMDAwMDAwMH0sInNjaGVtYV92ZXJzaW9uIjoiMSJ9",
          "dependencies": [
            "aws_key_pair.web_key",
            "aws_security_group.k3s_cluster",
            "aws_subnet.public",
            "aws_vpc.main",
            "random_password.k3s_token"
          ]
        }
      ]
    },
    {
      "mode": "managed",
      "type": "aws_instance",
      "name": "k3s_worker",
      "provider": "provider[\"registry.terraform.io/hashicorp/aws\"]",
      "instances": [
        {
          "index_key": 0,
          "schema_version": 1,
          "attributes": {
            "ami": "ami-047126e50991d067b",
            "arn": "arn:aws:ec2:ap-southeast-1:423623842490:instance/i-0ed900d48e4d06955",
            "associate_public_ip_address": true,
            "availability_zone": "ap-southeast-1c",
            "capacity_reservation_specification": [
              {
                "capacity_reservation_preference": "open",
                "capacity_reservation_target": []
              }
            ],
            "cpu_core_count": 1,
            "cpu_options": [
              {
                "amd_sev_snp": "",
                "core_count": 1,
                "threads_per_core": 1
              }
            ],
            "cpu_threads_per_core": 1,
            "credit_specification": [
              {
                "cpu_credits": "standard"
              }
            ],
            "disable_api_stop": false,
            "disable_api_termination": false,
            "ebs_block_device": [],
            "ebs_optimized": false,
            "enclave_options": [
              {
                "enabled": false
              }
            ],
            "ephemeral_block_device": [],
            "get_password_data": false,
            "hibernation": false,
            "host_id": "",
            "host_resource_group_arn": null,
            "iam_instance_profile": "",
            "id": "i-0ed900d48e4d06955",
            "instance_initiated_shutdown_behavior": "stop",
            "instance_lifecycle": "",
            "instance_market_options": [],
            "instance_state": "running",
            "instance_type": "t2.micro",
            "ipv6_address_count": 0,
            "ipv6_addresses": [],
            "key_name": "web_key",
            "launch_template": [],
            "maintenance_options": [
              {
                "auto_recovery": "default"
              }
            ],
            "metadata_options": [
              {
                "http_endpoint": "enabled",
                "http_protocol_ipv6": "disabled",
                "http_put_response_hop_limit": 2,
                "http_tokens": "required",
                "instance_metadata_tags": "disabled"
              }
            ],
            "monitoring": false,
            "network_interface": [],
            "outpost_arn": "",
            "password_data": "",
            "placement_group": "",
            "placement_partition_number": 0,
            "primary_network_interface_id": "eni-0c31e481b893bddec",
            "private_dns": "ip-10-0-1-63.ap-southeast-1.compute.internal",
            "private_dns_name_options": [
              {
                "enable_resource_name_dns_a_record": false,
                "enable_resource_name_dns_aaaa_record": false,
                "hostname_type": "ip-name"
              }
            ],
            "private_ip": "10.0.1.63",
            "public_dns": "ec2-47-129-173-29.ap-southeast-1.compute.amazonaws.com",
            "public_ip": "47.129.173.29",
            "root_block_device": [
              {
                "delete_on_termination": true,
                "device_name": "/dev/sda1",
                "encrypted": false,
                "iops": 3000,
                "kms_key_id": "",
                "tags": {},
                "tags_all": {},
                "throughput": 125,
                "volume_id": "vol-079f6b6fbc5fbcf42",
                "volume_size": 8,
                "volume_type": "gp3"
              }
            ],
            "secondary_private_ips": [],
            "security_groups": [],
            "source_dest_check": true,
            "spot_instance_request_id": "",
            "subnet_id": "subnet-0d2a426a119543ec1",
            "tags": {
              "Environment": "Development",
              "Name": "k3s-worker-1"
            },
            "tags_all": {
              "Environment": "Development",
              "Name": "k3s-worker-1"
            },
            "tenancy": "default",
            "timeouts": null,
            "user_data": "5f1339910f1a9117c44e0432ff3461a25748c7f0",
            "user_data_base64": null,
            "user_data_replace_on_change": false,
            "volume_tags": null,
            "vpc_security_group_ids": [
              "sg-0b8396308452a49b0"
            ]
          },
          "sensitive_attributes": [],
          "private": "eyJlMmJmYjczMC1lY2FhLTExZTYtOGY4OC0zNDM2M2JjN2M0YzAiOnsiY3JlYXRlIjo2MDAwMDAwMDAwMDAsImRlbGV0ZSI6MTIwMDAwMDAwMDAwMCwicmVhZCI6OTAwMDAwMDAwMDAwLCJ1cGRhdGUiOjYwMDAwMDAwMDAwMH0sInNjaGVtYV92ZXJzaW9uIjoiMSJ9",
          "dependencies": [
            "aws_instance.k3s_master",
            "aws_key_pair.web_key",
            "aws_security_group.k3s_cluster",
            "aws_subnet.public",
            "aws_vpc.main",
            "random_password.k3s_token"
          ]
        },
        {
          "index_key": 1,
          "schema_version": 1,
          "attributes": {
            "ami": "ami-047126e50991d067b",
            "arn": "arn:aws:ec2:ap-southeast-1:423623842490:instance/i-04e91f307bfabd74a",
            "associate_public_ip_address": true,
            "availability_zone": "ap-southeast-1c",
            "capacity_reservation_specification": [
              {
                "capacity_reservation_preference": "open",
                "capacity_reservation_target": []
              }
            ],
            "cpu_core_count": 1,
            "cpu_options": [
              {
                "amd_sev_snp": "",
                "core_count": 1,
                "threads_per_core": 1
              }
            ],
            "cpu_threads_per_core": 1,
            "credit_specification": [
              {
                "cpu_credits": "standard"
              }
            ],
            "disable_api_stop": false,
            "disable_api_termination": false,
            "ebs_block_device": [],
            "ebs_optimized": false,
            "enclave_options": [
              {
                "enabled": false
              }
            ],
            "ephemeral_block_device": [],
            "get_password_data": false,
            "hibernation": false,
            "host_id": "",
            "host_resource_group_arn": null,
            "iam_instance_profile": "",
            "id": "i-04e91f307bfabd74a",
            "instance_initiated_shutdown_behavior": "stop",
            "instance_lifecycle": "",
            "instance_market_options": [],
            "instance_state": "running",
            "instance_type": "t2.micro",
            "ipv6_address_count": 0,
            "ipv6_addresses": [],
            "key_name": "web_key",
            "launch_template": [],
            "maintenance_options": [
              {
                "auto_recovery": "default"
              }
            ],
            "metadata_options": [
              {
                "http_endpoint": "enabled",
                "http_protocol_ipv6": "disabled",
                "http_put_response_hop_limit": 2,
                "http_tokens": "required",
                "instance_metadata_tags": "disabled"
              }
            ],
            "monitoring": false,
            "network_interface": [],
            "outpost_arn": "",
            "password_data": "",
            "placement_group": "",
            "placement_partition_number": 0,
            "primary_network_interface_id": "eni-0b76b2b7d41f324c0",
            "private_dns": "ip-10-0-1-234.ap-southeast-1.compute.internal",
            "private_dns_name_options": [
              {
                "enable_resource_name_dns_a_record": false,
                "enable_resource_name_dns_aaaa_record": false,
                "hostname_type": "ip-name"
              }
            ],
            "private_ip": "10.0.1.234",
            "public_dns": "ec2-13-214-183-187.ap-southeast-1.compute.amazonaws.com",
            "public_ip": "13.214.183.187",
            "root_block_device": [
              {
                "delete_on_termination": true,
                "device_name": "/dev/sda1",
                "encrypted": false,
                "iops": 3000,
                "kms_key_id": "",
                "tags": {},
                "tags_all": {},
                "throughput": 125,
                "volume_id": "vol-0761fe630937cc479",
                "volume_size": 8,
                "volume_type": "gp3"
              }
            ],
            "secondary_private_ips": [],
            "security_groups": [],
            "source_dest_check": true,
            "spot_instance_request_id": "",
            "subnet_id": "subnet-0d2a426a119543ec1",
            "tags": {
              "Environment": "Development",
              "Name": "k3s-worker-2"
            },
            "tags_all": {
              "Environment": "Development",
              "Name": "k3s-worker-2"
            },
            "tenancy": "default",
            "timeouts": null,
            "user_data": "5f1339910f1a9117c44e0432ff3461a25748c7f0",
            "user_data_base64": null,
            "user_data_replace_on_change": false,
            "volume_tags": null,
            "vpc_security_group_ids": [
              "sg-0b8396308452a49b0"
            ]
          },
          "sensitive_attributes": [],
          "private": "eyJlMmJmYjczMC1lY2FhLTExZTYtOGY4OC0zNDM2M2JjN2M0YzAiOnsiY3JlYXRlIjo2MDAwMDAwMDAwMDAsImRlbGV0ZSI6MTIwMDAwMDAwMDAwMCwicmVhZCI6OTAwMDAwMDAwMDAwLCJ1cGRhdGUiOjYwMDAwMDAwMDAwMH0sInNjaGVtYV92ZXJzaW9uIjoiMSJ9",
          "dependencies": [
            "aws_instance.k3s_master",
            "aws_key_pair.web_key",
            "aws_security_group.k3s_cluster",
            "aws_subnet.public",
            "aws_vpc.main",
            "random_password.k3s_token"
          ]
        }
      ]
    },
    {
      "mode": "managed",
      "type": "aws_internet_gateway",
      "name": "main",
      "provider": "provider[\"registry.terraform.io/hashicorp/aws\"]",
      "instances": [
        {
          "schema_version": 0,
          "attributes": {
            "arn": "arn:aws:ec2:ap-southeast-1:423623842490:internet-gateway/igw-04b6b14af5d613f76",
            "id": "igw-04b6b14af5d613f76",
            "owner_id": "423623842490",
            "tags": {
              "Name": "k3s-igw"
            },
            "tags_all": {
              "Name": "k3s-igw"
            },
            "timeouts": null,
            "vpc_id": "vpc-0f3c0d7214eb8e843"
          },
          "sensitive_attributes": [],
          "private": "eyJlMmJmYjczMC1lY2FhLTExZTYtOGY4OC0zNDM2M2JjN2M0YzAiOnsiY3JlYXRlIjoxMjAwMDAwMDAwMDAwLCJkZWxldGUiOjEyMDAwMDAwMDAwMDAsInVwZGF0ZSI6MTIwMDAwMDAwMDAwMH19",
          "dependencies": [
            "aws_vpc.main"
          ]
        }
      ]
    },
    {
      "mode": "managed",
      "type": "aws_key_pair",
      "name": "k3s_key_pair",
      "provider": "provider[\"registry.terraform.io/hashicorp/aws\"]",
      "instances": [
        {
          "schema_version": 1,
          "attributes": {
            "arn": "arn:aws:ec2:ap-southeast-1:423623842490:key-pair/k3s-key-pair",
            "fingerprint": "33:22:af:5e:f0:6b:21:ab:7e:da:08:3e:72:48:72:a5",
            "id": "k3s-key-pair",
            "key_name": "k3s-key-pair",
            "key_name_prefix": "",
            "key_pair_id": "key-0e26a7aca9fd5fb6f",
            "key_type": "rsa",
            "public_key": "ssh-rsa AAAAB3NzaC1yc2EAAAADAQABAAACAQC0tSHOK8WxQphX3ViwuhH/rAAlsWL1Z2bJH/bV5RSPADIvrukbx/8gen+DcmJ//b0/ogrhzV1rsSqy1n2jvz7l6kqcR7+lNX6BAZxnzO2ZT7PMDEx2DYsElYRN8dRH2c3iv+e39JCOJ/JlIuIPF+vYHW+krQDySo/exuF0hUwRjB9bpzbkTnLOWoq9uYUQ9ObnvoaV/PoEf6W6kZ5vCI8oBtiSKPRlUWhJDRzlyBgHvlXXE11m2YiFDQFtMycNrCyLJ7S6lMyWzmn1IEnzQhYIE9NjFXt1DqUl1aX25KjZ1qLGP9N1J45lDsozCeEL58sDEnMsniZVWq2bCh6FOb/XUkyCRntnEi42f6H1k3GuU+hnePN29zbEazm8WB+rIru3wYL4Iw4N7gOz0yZk7OkGZkWLmKIsHWzCWwjy5KlMCuFCIZRg972bhCIfVBBqaE6xHod29YS0bxUwPoGjyJIlxtA9hWOcBugGNmPwQIvQezimDyw3odcWwOWqdR9lYgL0JXSy3XCsk4NzV5eZFmd6y8kz4lVLs4w14HHHLuy4NpJ58JQAqscJVasOu1ayi7b4z4ZTqGdvjaoeozEZthQ9nOUB1okz4xHEHDM9XWkKTqh/5pvg+0yC8xnyIq4EZjOAB9+YxqBa9qa8Fi/Vj8JolqcCBDdPzfZFB4dBdyoOWQ==",
            "tags": {},
            "tags_all": {}
          },
          "sensitive_attributes": [],
          "private": "eyJzY2hlbWFfdmVyc2lvbiI6IjEifQ==",
          "dependencies": [
            "tls_private_key.k3s_key"
          ]
        }
      ]
    },
    {
      "mode": "managed",
      "type": "aws_key_pair",
      "name": "web_key",
      "provider": "provider[\"registry.terraform.io/hashicorp/aws\"]",
      "instances": [
        {
          "schema_version": 1,
          "attributes": {
            "arn": "arn:aws:ec2:ap-southeast-1:423623842490:key-pair/web_key",
            "fingerprint": "07:b1:f1:a8:1a:52:3e:30:6c:29:1d:b2:81:e9:52:5b",
            "id": "web_key",
            "key_name": "web_key",
            "key_name_prefix": "",
            "key_pair_id": "key-035c64c9dfd1f0c78",
            "key_type": "rsa",
            "public_key": "ssh-rsa AAAAB3NzaC1yc2EAAAADAQABAAACAQDIgs3L2Fi0orABOFuHLohhGJRrKKtbMSnnWNN/WOfgxIFWuzrl8fmh32miO1qCb/G7Y8U22KOf/a5lwwDIunKrcujinLAxQDwA11zpjQDFSWwZSvLVgN9VqGyQFnXuBduqblqJer9Onc9c0CtCxg1Xn8e0xlAj3wk3Bkp4g+J0AoGX6IX32UoPhnyncnrIRUye3Rvm01wQyw0XxKghmSvqq0HBOTkn11CozLG/SOtlVFDs45jeHcg+E1alG83yv0ok1yUskL9Q9ajF9yXlr3dYe2PWqgio3ZRqTHbaqQw69kKnPg+ty/muVg2Mf56V7jZokBZ4x1aePSo9604daf2c1wen3tQ+IIAS/o1Tv1Lxsa4IOGw/fdn1dKOP4SCkM+JTDx81lX0UkKbuQGM5Rp2M+k7AruvIeBnAtzBBHucy4AJKfDP0hvg2Q7IBLWCKr9zMbzu1Vza8SgN5+0ohTwnkC3pfVwBvDgi8tz/hy9w2Wmml5Mx9JqVPrGthlUl8D8T7VinNAljx8mHpJbn3zhxJTmKb9IuMi3ny3hB2Kb3z/hPB7pFUa+daiFcxbqBQRl3wMCCR89e3nRPe6L7YuWKZ1XTbfZ3ZWgw/93C5HIvfM02QNwPTKqKtwqFWZ4V/mqaBM1H2x+5aaxczdYl98xgSX0sToNZW27AltgtR2yb94Q== root@4e0d1e1d6ff4fcaf",
            "tags": {},
            "tags_all": {}
          },
          "sensitive_attributes": [],
          "private": "eyJzY2hlbWFfdmVyc2lvbiI6IjEifQ=="
        }
      ]
    },
    {
      "mode": "managed",
      "type": "aws_nat_gateway",
      "name": "main",
      "provider": "provider[\"registry.terraform.io/hashicorp/aws\"]",
      "instances": [
        {
          "schema_version": 0,
          "attributes": {
            "allocation_id": "eipalloc-0732bc6e7504011c1",
            "association_id": "eipassoc-0f9e23dd933d16305",
            "connectivity_type": "public",
            "id": "nat-0ebff308b28767a29",
            "network_interface_id": "eni-0e806fef623bbfb54",
            "private_ip": "10.0.1.20",
            "public_ip": "54.254.251.165",
            "secondary_allocation_ids": [],
            "secondary_private_ip_address_count": 0,
            "secondary_private_ip_addresses": [],
            "subnet_id": "subnet-0d2a426a119543ec1",
            "tags": {
              "Name": "k3s-nat-gw"
            },
            "tags_all": {
              "Name": "k3s-nat-gw"
            },
            "timeouts": null
          },
          "sensitive_attributes": [],
          "private": "eyJlMmJmYjczMC1lY2FhLTExZTYtOGY4OC0zNDM2M2JjN2M0YzAiOnsiY3JlYXRlIjo2MDAwMDAwMDAwMDAsImRlbGV0ZSI6MTgwMDAwMDAwMDAwMCwidXBkYXRlIjo2MDAwMDAwMDAwMDB9fQ==",
          "dependencies": [
            "aws_eip.nat",
            "aws_subnet.public",
            "aws_vpc.main"
          ]
        }
      ]
    },
    {
      "mode": "managed",
      "type": "aws_route_table",
      "name": "private",
      "provider": "provider[\"registry.terraform.io/hashicorp/aws\"]",
      "instances": [
        {
          "schema_version": 0,
          "attributes": {
            "arn": "arn:aws:ec2:ap-southeast-1:423623842490:route-table/rtb-00b63bf05104b54af",
            "id": "rtb-00b63bf05104b54af",
            "owner_id": "423623842490",
            "propagating_vgws": [],
            "route": [
              {
                "carrier_gateway_id": "",
                "cidr_block": "0.0.0.0/0",
                "core_network_arn": "",
                "destination_prefix_list_id": "",
                "egress_only_gateway_id": "",
                "gateway_id": "",
                "ipv6_cidr_block": "",
                "local_gateway_id": "",
                "nat_gateway_id": "nat-0ebff308b28767a29",
                "network_interface_id": "",
                "transit_gateway_id": "",
                "vpc_endpoint_id": "",
                "vpc_peering_connection_id": ""
              }
            ],
            "tags": {
              "Name": "k3s-private-rt"
            },
            "tags_all": {
              "Name": "k3s-private-rt"
            },
            "timeouts": null,
            "vpc_id": "vpc-0f3c0d7214eb8e843"
          },
          "sensitive_attributes": [],
          "private": "eyJlMmJmYjczMC1lY2FhLTExZTYtOGY4OC0zNDM2M2JjN2M0YzAiOnsiY3JlYXRlIjozMDAwMDAwMDAwMDAsImRlbGV0ZSI6MzAwMDAwMDAwMDAwLCJ1cGRhdGUiOjEyMDAwMDAwMDAwMH19",
          "dependencies": [
            "aws_eip.nat",
            "aws_nat_gateway.main",
            "aws_subnet.public",
            "aws_vpc.main"
          ]
        }
      ]
    },
    {
      "mode": "managed",
      "type": "aws_route_table",
      "name": "public",
      "provider": "provider[\"registry.terraform.io/hashicorp/aws\"]",
      "instances": [
        {
          "schema_version": 0,
          "attributes": {
            "arn": "arn:aws:ec2:ap-southeast-1:423623842490:route-table/rtb-019a7e24dee481285",
            "id": "rtb-019a7e24dee481285",
            "owner_id": "423623842490",
            "propagating_vgws": [],
            "route": [
              {
                "carrier_gateway_id": "",
                "cidr_block": "0.0.0.0/0",
                "core_network_arn": "",
                "destination_prefix_list_id": "",
                "egress_only_gateway_id": "",
                "gateway_id": "igw-04b6b14af5d613f76",
                "ipv6_cidr_block": "",
                "local_gateway_id": "",
                "nat_gateway_id": "",
                "network_interface_id": "",
                "transit_gateway_id": "",
                "vpc_endpoint_id": "",
                "vpc_peering_connection_id": ""
              }
            ],
            "tags": {
              "Name": "k3s-public-rt"
            },
            "tags_all": {
              "Name": "k3s-public-rt"
            },
            "timeouts": null,
            "vpc_id": "vpc-0f3c0d7214eb8e843"
          },
          "sensitive_attributes": [],
          "private": "eyJlMmJmYjczMC1lY2FhLTExZTYtOGY4OC0zNDM2M2JjN2M0YzAiOnsiY3JlYXRlIjozMDAwMDAwMDAwMDAsImRlbGV0ZSI6MzAwMDAwMDAwMDAwLCJ1cGRhdGUiOjEyMDAwMDAwMDAwMH19",
          "dependencies": [
            "aws_internet_gateway.main",
            "aws_vpc.main"
          ]
        }
      ]
    },
    {
      "mode": "managed",
      "type": "aws_route_table_association",
      "name": "private",
      "provider": "provider[\"registry.terraform.io/hashicorp/aws\"]",
      "instances": [
        {
          "schema_version": 0,
          "attributes": {
            "gateway_id": "",
            "id": "rtbassoc-0fd26e2311468c923",
            "route_table_id": "rtb-00b63bf05104b54af",
            "subnet_id": "subnet-01c97392033ed485b",
            "timeouts": null
          },
          "sensitive_attributes": [],
          "private": "eyJlMmJmYjczMC1lY2FhLTExZTYtOGY4OC0zNDM2M2JjN2M0YzAiOnsiY3JlYXRlIjozMDAwMDAwMDAwMDAsImRlbGV0ZSI6MzAwMDAwMDAwMDAwLCJ1cGRhdGUiOjEyMDAwMDAwMDAwMH19",
          "dependencies": [
            "aws_eip.nat",
            "aws_nat_gateway.main",
            "aws_route_table.private",
            "aws_subnet.private",
            "aws_subnet.public",
            "aws_vpc.main"
          ]
        }
      ]
    },
    {
      "mode": "managed",
      "type": "aws_route_table_association",
      "name": "public",
      "provider": "provider[\"registry.terraform.io/hashicorp/aws\"]",
      "instances": [
        {
          "schema_version": 0,
          "attributes": {
            "gateway_id": "",
            "id": "rtbassoc-06aa635f4b2a17d13",
            "route_table_id": "rtb-019a7e24dee481285",
            "subnet_id": "subnet-0d2a426a119543ec1",
            "timeouts": null
          },
          "sensitive_attributes": [],
          "private": "eyJlMmJmYjczMC1lY2FhLTExZTYtOGY4OC0zNDM2M2JjN2M0YzAiOnsiY3JlYXRlIjozMDAwMDAwMDAwMDAsImRlbGV0ZSI6MzAwMDAwMDAwMDAwLCJ1cGRhdGUiOjEyMDAwMDAwMDAwMH19",
          "dependencies": [
            "aws_internet_gateway.main",
            "aws_route_table.public",
            "aws_subnet.public",
            "aws_vpc.main"
          ]
        }
      ]
    },
    {
      "mode": "managed",
      "type": "aws_security_group",
      "name": "k3s_cluster",
      "provider": "provider[\"registry.terraform.io/hashicorp/aws\"]",
      "instances": [
        {
          "schema_version": 1,
          "attributes": {
            "arn": "arn:aws:ec2:ap-southeast-1:423623842490:security-group/sg-0b8396308452a49b0",
            "description": "Security group for k3s cluster",
            "egress": [
              {
                "cidr_blocks": [
                  "0.0.0.0/0"
                ],
                "description": "",
                "from_port": 0,
                "ipv6_cidr_blocks": [],
                "prefix_list_ids": [],
                "protocol": "-1",
                "security_groups": [],
                "self": false,
                "to_port": 0
              }
            ],
            "id": "sg-0b8396308452a49b0",
            "ingress": [
              {
                "cidr_blocks": [
                  "0.0.0.0/0"
                ],
                "description": "",
                "from_port": -1,
                "ipv6_cidr_blocks": [],
                "prefix_list_ids": [],
                "protocol": "icmp",
                "security_groups": [],
                "self": false,
                "to_port": -1
              },
              {
                "cidr_blocks": [
                  "0.0.0.0/0"
                ],
                "description": "",
                "from_port": 22,
                "ipv6_cidr_blocks": [],
                "prefix_list_ids": [],
                "protocol": "tcp",
                "security_groups": [],
                "self": false,
                "to_port": 22
              },
              {
                "cidr_blocks": [
                  "0.0.0.0/0"
                ],
                "description": "",
                "from_port": 80,
                "ipv6_cidr_blocks": [],
                "prefix_list_ids": [],
                "protocol": "tcp",
                "security_groups": [],
                "self": false,
                "to_port": 80
              },
              {
                "cidr_blocks": [
                  "10.0.0.0/16"
                ],
                "description": null,
                "from_port": 0,
                "ipv6_cidr_blocks": [],
                "prefix_list_ids": [],
                "protocol": "-1",
                "security_groups": [],
                "self": false,
                "to_port": 0
              },
              {
                "cidr_blocks": [
                  "10.0.0.0/16"
                ],
                "description": null,
                "from_port": 6443,
                "ipv6_cidr_blocks": [],
                "prefix_list_ids": [],
                "protocol": "tcp",
                "security_groups": [],
                "self": false,
                "to_port": 6443
              }
            ],
            "name": "k3s-cluster-sg",
            "name_prefix": "",
            "owner_id": "423623842490",
            "revoke_rules_on_delete": false,
            "tags": {
              "Name": "k3s-cluster-sg"
            },
            "tags_all": {
              "Name": "k3s-cluster-sg"
            },
            "timeouts": null,
            "vpc_id": "vpc-0f3c0d7214eb8e843"
          },
          "sensitive_attributes": [],
          "private": "eyJlMmJmYjczMC1lY2FhLTExZTYtOGY4OC0zNDM2M2JjN2M0YzAiOnsiY3JlYXRlIjo2MDAwMDAwMDAwMDAsImRlbGV0ZSI6OTAwMDAwMDAwMDAwfSwic2NoZW1hX3ZlcnNpb24iOiIxIn0=",
          "dependencies": [
            "aws_vpc.main"
          ]
        }
      ]
    },
    {
      "mode": "managed",
      "type": "aws_security_group",
      "name": "nginx",
      "provider": "provider[\"registry.terraform.io/hashicorp/aws\"]",
      "instances": [
        {
          "schema_version": 1,
          "attributes": {
            "arn": "arn:aws:ec2:ap-southeast-1:423623842490:security-group/sg-08ecd83890c8d7db0",
            "description": "Security group for NGINX load balancer and SSH",
            "egress": [
              {
                "cidr_blocks": [
                  "0.0.0.0/0"
                ],
                "description": "",
                "from_port": 0,
                "ipv6_cidr_blocks": [],
                "prefix_list_ids": [],
                "protocol": "-1",
                "security_groups": [],
                "self": false,
                "to_port": 0
              }
            ],
            "id": "sg-08ecd83890c8d7db0",
            "ingress": [
              {
                "cidr_blocks": [
                  "0.0.0.0/0"
                ],
                "description": "",
                "from_port": -1,
                "ipv6_cidr_blocks": [],
                "prefix_list_ids": [],
                "protocol": "icmp",
                "security_groups": [],
                "self": false,
                "to_port": -1
              },
              {
                "cidr_blocks": [
                  "0.0.0.0/0"
                ],
                "description": "",
                "from_port": 22,
                "ipv6_cidr_blocks": [],
                "prefix_list_ids": [],
                "protocol": "tcp",
                "security_groups": [],
                "self": false,
                "to_port": 22
              },
              {
                "cidr_blocks": [
                  "0.0.0.0/0"
                ],
                "description": "",
                "from_port": 443,
                "ipv6_cidr_blocks": [],
                "prefix_list_ids": [],
                "protocol": "tcp",
                "security_groups": [],
                "self": false,
                "to_port": 443
              },
              {
                "cidr_blocks": [
                  "0.0.0.0/0"
                ],
                "description": "",
                "from_port": 80,
                "ipv6_cidr_blocks": [],
                "prefix_list_ids": [],
                "protocol": "tcp",
                "security_groups": [],
                "self": false,
                "to_port": 80
              },
              {
                "cidr_blocks": [
                  "10.0.0.0/16"
                ],
                "description": "",
                "from_port": 6443,
                "ipv6_cidr_blocks": [],
                "prefix_list_ids": [],
                "protocol": "tcp",
                "security_groups": [],
                "self": false,
                "to_port": 6443
              }
            ],
            "name": "nginx-sg",
            "name_prefix": "",
            "owner_id": "423623842490",
            "revoke_rules_on_delete": false,
            "tags": {
              "Name": "nginx-sg"
            },
            "tags_all": {
              "Name": "nginx-sg"
            },
            "timeouts": null,
            "vpc_id": "vpc-0f3c0d7214eb8e843"
          },
          "sensitive_attributes": [],
          "private": "eyJlMmJmYjczMC1lY2FhLTExZTYtOGY4OC0zNDM2M2JjN2M0YzAiOnsiY3JlYXRlIjo2MDAwMDAwMDAwMDAsImRlbGV0ZSI6OTAwMDAwMDAwMDAwfSwic2NoZW1hX3ZlcnNpb24iOiIxIn0=",
          "dependencies": [
            "aws_vpc.main"
          ]
        }
      ]
    },
    {
      "mode": "managed",
      "type": "aws_subnet",
      "name": "private",
      "provider": "provider[\"registry.terraform.io/hashicorp/aws\"]",
      "instances": [
        {
          "schema_version": 1,
          "attributes": {
            "arn": "arn:aws:ec2:ap-southeast-1:423623842490:subnet/subnet-01c97392033ed485b",
            "assign_ipv6_address_on_creation": false,
            "availability_zone": "ap-southeast-1a",
            "availability_zone_id": "apse1-az1",
            "cidr_block": "10.0.2.0/24",
            "customer_owned_ipv4_pool": "",
            "enable_dns64": false,
            "enable_lni_at_device_index": 0,
            "enable_resource_name_dns_a_record_on_launch": false,
            "enable_resource_name_dns_aaaa_record_on_launch": false,
            "id": "subnet-01c97392033ed485b",
            "ipv6_cidr_block": "",
            "ipv6_cidr_block_association_id": "",
            "ipv6_native": false,
            "map_customer_owned_ip_on_launch": false,
            "map_public_ip_on_launch": false,
            "outpost_arn": "",
            "owner_id": "423623842490",
            "private_dns_hostname_type_on_launch": "ip-name",
            "tags": {
              "Name": "k3s-private-subnet"
            },
            "tags_all": {
              "Name": "k3s-private-subnet"
            },
            "timeouts": null,
            "vpc_id": "vpc-0f3c0d7214eb8e843"
          },
          "sensitive_attributes": [],
          "private": "eyJlMmJmYjczMC1lY2FhLTExZTYtOGY4OC0zNDM2M2JjN2M0YzAiOnsiY3JlYXRlIjo2MDAwMDAwMDAwMDAsImRlbGV0ZSI6MTIwMDAwMDAwMDAwMH0sInNjaGVtYV92ZXJzaW9uIjoiMSJ9",
          "dependencies": [
            "aws_vpc.main"
          ]
        }
      ]
    },
    {
      "mode": "managed",
      "type": "aws_subnet",
      "name": "public",
      "provider": "provider[\"registry.terraform.io/hashicorp/aws\"]",
      "instances": [
        {
          "schema_version": 1,
          "attributes": {
            "arn": "arn:aws:ec2:ap-southeast-1:423623842490:subnet/subnet-0d2a426a119543ec1",
            "assign_ipv6_address_on_creation": false,
            "availability_zone": "ap-southeast-1c",
            "availability_zone_id": "apse1-az3",
            "cidr_block": "10.0.1.0/24",
            "customer_owned_ipv4_pool": "",
            "enable_dns64": false,
            "enable_lni_at_device_index": 0,
            "enable_resource_name_dns_a_record_on_launch": false,
            "enable_resource_name_dns_aaaa_record_on_launch": false,
            "id": "subnet-0d2a426a119543ec1",
            "ipv6_cidr_block": "",
            "ipv6_cidr_block_association_id": "",
            "ipv6_native": false,
            "map_customer_owned_ip_on_launch": false,
            "map_public_ip_on_launch": true,
            "outpost_arn": "",
            "owner_id": "423623842490",
            "private_dns_hostname_type_on_launch": "ip-name",
            "tags": {
              "Name": "k3s-public-subnet"
            },
            "tags_all": {
              "Name": "k3s-public-subnet"
            },
            "timeouts": null,
            "vpc_id": "vpc-0f3c0d7214eb8e843"
          },
          "sensitive_attributes": [],
          "private": "eyJlMmJmYjczMC1lY2FhLTExZTYtOGY4OC0zNDM2M2JjN2M0YzAiOnsiY3JlYXRlIjo2MDAwMDAwMDAwMDAsImRlbGV0ZSI6MTIwMDAwMDAwMDAwMH0sInNjaGVtYV92ZXJzaW9uIjoiMSJ9",
          "dependencies": [
            "aws_vpc.main"
          ]
        }
      ]
    },
    {
      "mode": "managed",
      "type": "aws_vpc",
      "name": "main",
      "provider": "provider[\"registry.terraform.io/hashicorp/aws\"]",
      "instances": [
        {
          "schema_version": 1,
          "attributes": {
            "arn": "arn:aws:ec2:ap-southeast-1:423623842490:vpc/vpc-0f3c0d7214eb8e843",
            "assign_generated_ipv6_cidr_block": false,
            "cidr_block": "10.0.0.0/16",
            "default_network_acl_id": "acl-055be03485f79b759",
            "default_route_table_id": "rtb-0b107f647156e5cdb",
            "default_security_group_id": "sg-0d66d95b11c283318",
            "dhcp_options_id": "dopt-0a850a153d0d266b1",
            "enable_dns_hostnames": true,
            "enable_dns_support": true,
            "enable_network_address_usage_metrics": false,
            "id": "vpc-0f3c0d7214eb8e843",
            "instance_tenancy": "default",
            "ipv4_ipam_pool_id": null,
            "ipv4_netmask_length": null,
            "ipv6_association_id": "",
            "ipv6_cidr_block": "",
            "ipv6_cidr_block_network_border_group": "",
            "ipv6_ipam_pool_id": "",
            "ipv6_netmask_length": 0,
            "main_route_table_id": "rtb-0b107f647156e5cdb",
            "owner_id": "423623842490",
            "tags": {
              "Name": "k3s-vpc"
            },
            "tags_all": {
              "Name": "k3s-vpc"
            }
          },
          "sensitive_attributes": [],
          "private": "eyJzY2hlbWFfdmVyc2lvbiI6IjEifQ=="
        }
      ]
    },
    {
      "mode": "managed",
      "type": "local_file",
      "name": "private_key",
      "provider": "provider[\"registry.terraform.io/hashicorp/local\"]",
      "instances": [
        {
          "schema_version": 0,
          "attributes": {
            "content": "-----BEGIN RSA PRIVATE KEY-----\nMIIJKQIBAAKCAgEAtLUhzivFsUKYV91YsLoR/6wAJbFi9WdmyR/21eUUjwAyL67p\nG8f/IHp/g3Jif/29P6IK4c1da7EqstZ9o78+5epKnEe/pTV+gQGcZ8ztmU+zzAxM\ndg2LBJWETfHUR9nN4r/nt/SQjifyZSLiDxfr2B1vpK0A8kqP3sbhdIVMEYwfW6c2\n5E5yzlqKvbmFEPTm576Glfz6BH+lupGebwiPKAbYkij0ZVFoSQ0c5cgYB75V1xNd\nZtmIhQ0BbTMnDawsiye0upTMls5p9SBJ80IWCBPTYxV7dQ6lJdWl9uSo2daixj/T\ndSeOZQ7KMwnhC+fLAxJzLJ4mVVqtmwoehTm/11JMgkZ7ZxIuNn+h9ZNxrlPoZ3jz\ndvc2xGs5vFgfqyK7t8GC+CMODe4Ds9MmZOzpBmZFi5iiLB1swlsI8uSpTArhQiGU\nYPe9m4QiH1QQamhOsR6HdvWEtG8VMD6Bo8iSJcbQPYVjnAboBjZj8ECL0Hs4pg8s\nN6HXFsDlqnUfZWIC9CV0st1wrJODc1eXmRZnesvJM+JVS7OMNeBxxy7suDaSefCU\nAKrHCVWrDrtWsou2+M+GU6hnb42qHqMxGbYUPZzlAdaJM+MRxBwzPV1pCk6of+ab\n4PtMgvMZ8iKuBGYzgAffmMagWvamvBYv1Y/CaJanAgQ3T832RQeHQXcqDlkCAwEA\nAQKCAgBrVbdZrbhEHKk+b1QxzKPKOFDyEpYT67Iqvpiv3dzDP7uPhRYjET0h/oDl\nA7ksCvww4sAR9RiLUfVpumtwKrVifTKJ9zgHGmokmF9dbGSojqXeCmQULuEm/ORU\nI9MSRnW7PH+XTWXbejDJD9o0WuIUQQ/CQZxxTgZ8rabWviI7vf4WQ5EgNNSOa0tD\nfAFk3AKXHhz01AlxSJyY38u6adwWS1KyJi9cSullkqtadOqJFu4HzRHKeGVVmi8B\nvMNypJTkptX7iUyoOrzHA8HJArTxYU1K6kSld+hyO5/TsWf11D5lAR5J1RAISKuj\neze4CZsVHQ1aMCnWwwChOXZ9bZrbfBQfhqe1x6Qok7AqEHz+2fZsr1uXMXqLRrMS\nfGIZ16A4dhQfu9YRshXZ0oH7i/o+u822ffwUrPakguG/2HtDLIMPTvlSbe7YLHYo\n+T+wPViw9McTO5s0qBtVx8061UA8zflERlsDFvappVb+Mfa16QYJc8BeaiONSjt7\nz797yYrgdmScIRXlYBLvbGEfByloMgqX8ATWtN6URMjsOfBFo7fFo197EcNR9ZqW\nzpty7xSlZwvZArEYwuwCfms05U60qPnSHQhQ2bjd/U8oKFmZqG7VaE/r0xjgkcpC\nLTdbNCecfhbzA6ubm71yKRaXAntpYnUX6oiKmb7+N8f/vNtPgQKCAQEA2qksmp7j\n3LcIMeShtSZA0BPXzh6lyx3EVAH1Lk+0VoUximeQW3xnYUxH4a/Hqy8ImZBUM/Vi\nfLJ2dENIwKjprcsXoKKs88HHXPhpSwPgdyK9rCMHBlVTLyMcYQJ9nQ1lqjjyxYRw\nn6SKuUW0bw2ffbivsNcr9i2lPMDSENqbD7oTX30iFQYG+lylxJ9Zs5amCUG9yqzl\nL81SmCXEMz754HOeHRPIlxgCNm3sG3ShnH2j9D7YrZOYYMxRXpKyVq8TYEipMpcm\nq4tfhUViRCilH+x8Cfychi5BbicTwoXukRgiW1sUKsZsyeDUbAE4bySDcC06uq5A\n/gTvaJVOUv/9SQKCAQEA05DRbX7mqWAOiLZCdM7/9XL9QhE3wduBhPuEYHpsVUjk\nQYiMe5fLyMgnFElmreqc2z7RvLCcWVUEQSt2ctGv+S0bEZGG7r12wmPvjnk0SmhQ\nWUbc8MEDRwI8kNQr3ltnd4JpBfEI4/lG1oUtY9T2HQVcnQUOO2Vrt5sYcBWnVbGH\nR5t+CsdsgjRVgagyY58tRNQ4qHp8WalL6tTpqjNCtow6iej3Ga92tFr4QF2WXBzE\nVdlHcYfyHLP+KtxlxxuZ+Nt8XUyCzYqXL/RnI9dWRgtpxNijnjkEfg7JJoEWcoBb\nCem3FCSXLgkOrdp2G+zObf20lh1clUHqXG+6EMbYkQKCAQEA0p3dXtnpNbH/bL+C\nm1BLYaGbXujaXXlAoIJ6Pa98T1JgU6ZJwDVmBqxJGLQOKW9WY0RINvwHb4Ee5AHj\nU9/fpg1XptzKpshiVcTY9u63CUonVGUw4QLS6zZwoWiaweojoQDVpzdYnA0LqkXf\n9JA0rg50/Gtl5uw0mv5H2QAYF9/txS5s4784fXM8INY0uu1C5Ouz+kLrR04IXpES\nGSJx4aa8B9oEfrUbfH4IzLFc8bV7dUoLv7XJMoPbZLL8oM5mZXnXr+kz0EyhJ2eb\nrXdRBhztpVjzE7P+RjHRsK79Cjkq7sAd/s29//5V3eqXB0cua6DFTweFhqgOSrh2\nBzCYMQKCAQBXAza/O/QOMU2I+Lz4YbJv9q0moQI3ntn0IaXeMDuiD+qg8VIl+tZ7\na6Z294FdgiKlIX8Nhe2n6Alp7EA5FPi1GNILNbkzM4VGieeax0q0V5bEQRrZgeih\nKdBTGJA6UYmKY35iTTIE4R87V2bFqm7WnL/sbInf7+SPjSBN6Pn7ippC3zbFpCOC\noZeRTeX7hxoNNuNel5HRJonsuUipEZAcmCvzUHdgfwPpRYjYoCUZGVO+ozB5BxqS\np4yfgCnz6+w1p7/Md41Mj/WCaZiJ6yS2hjcoGJmil3y7g8VDKtBao2PN/euoQyxS\naLM62aC993UnU7MUEltjn8qN3f2+rKmhAoIBAQCyGnynw6357+pFRMwNgzkLtzkN\nUrCQqqvnYfFIVbuTRww0FpjLCjBYbnLj+l2upoUtYvE8jbs34azJIeKEq8/U3JKa\nPWsiVQmaUJzS6DuEdJR9zr39VoCWf7oxsCFs1m+Dnp+Ll3ISJj/giPjmilXxGemN\npkcnWA8gN/yPX12sK1F7Es1pjvytmpJd8MuW7ekNEpcFBLfgUDRYciku53lp4+PB\nj8ZW9TYtBDDpfM7J1l/K7MeyiLp6V/bhpDT0G7wEfQWKgaRjhf+Z4NMPmSAdb6Ev\nXStNVgSEcJYyWqP5Ib65YSOS7bCjt3DPRssG5Dnw7+6Nqykgm6vU8mIklYo5\n-----END RSA PRIVATE KEY-----\n",
            "content_base64": null,
            "content_base64sha256": "XmurFmB50Djc5bbQ/t0tXgcC9M+bMoJVIxC/CeIqH8A=",
            "content_base64sha512": "y5BbSyj8njFPCXkEi5NDdoYao7adzUIBCAdBQJgEL57z+EiNdr+AM0rHgaVZKeP6KhO/uWWDsdNO6nbejIUN9A==",
            "content_md5": "42032c041c4377928f51b32f26bf3256",
            "content_sha1": "6694c2e30808eb63dbbc3bf8f5395501d3f526da",
            "content_sha256": "5e6bab166079d038dce5b6d0fedd2d5e0702f4cf9b3282552310bf09e22a1fc0",
            "content_sha512": "cb905b4b28fc9e314f0979048b934376861aa3b69dcd42010807414098042f9ef3f8488d76bf80334ac781a55929e3fa2a13bfb96583b1d34eea76de8c850df4",
            "directory_permission": "0777",
            "file_permission": "0600",
            "filename": "./k3s-key-pair.pem",
            "id": "6694c2e30808eb63dbbc3bf8f5395501d3f526da",
            "sensitive_content": null,
            "source": null
          },
          "sensitive_attributes": [
            [
              {
                "type": "get_attr",
                "value": "content"
              }
            ]
          ],
          "dependencies": [
            "tls_private_key.k3s_key"
          ]
        }
      ]
    },
    {
      "mode": "managed",
      "type": "random_password",
      "name": "k3s_token",
      "provider": "provider[\"registry.terraform.io/hashicorp/random\"]",
      "instances": [
        {
          "schema_version": 3,
          "attributes": {
            "bcrypt_hash": "$2a$10$rF1lgKBjzbxVpRHBfyS/0e7hR.igOfJ3bV3Th/3FN66udJ8ATQMmW",
            "id": "none",
            "keepers": null,
            "length": 16,
            "lower": true,
            "min_lower": 0,
            "min_numeric": 0,
            "min_special": 0,
            "min_upper": 0,
            "number": true,
            "numeric": true,
            "override_special": null,
            "result": "e0eULF5guwxoB3Zs",
            "special": false,
            "upper": true
          },
          "sensitive_attributes": []
        }
      ]
    },
    {
      "mode": "managed",
      "type": "tls_private_key",
      "name": "k3s_key",
      "provider": "provider[\"registry.terraform.io/hashicorp/tls\"]",
      "instances": [
        {
          "schema_version": 1,
          "attributes": {
            "algorithm": "RSA",
            "ecdsa_curve": "P224",
            "id": "4c78ea186005b4137ac040100db846cf2a205114",
            "private_key_openssh": "-----BEGIN OPENSSH PRIVATE KEY-----\nb3BlbnNzaC1rZXktdjEAAAAABG5vbmUAAAAEbm9uZQAAAAAAAAABAAACFwAAAAdz\nc2gtcnNhAAAAAwEAAQAAAgEAtLUhzivFsUKYV91YsLoR/6wAJbFi9WdmyR/21eUU\njwAyL67pG8f/IHp/g3Jif/29P6IK4c1da7EqstZ9o78+5epKnEe/pTV+gQGcZ8zt\nmU+zzAxMdg2LBJWETfHUR9nN4r/nt/SQjifyZSLiDxfr2B1vpK0A8kqP3sbhdIVM\nEYwfW6c25E5yzlqKvbmFEPTm576Glfz6BH+lupGebwiPKAbYkij0ZVFoSQ0c5cgY\nB75V1xNdZtmIhQ0BbTMnDawsiye0upTMls5p9SBJ80IWCBPTYxV7dQ6lJdWl9uSo\n2daixj/TdSeOZQ7KMwnhC+fLAxJzLJ4mVVqtmwoehTm/11JMgkZ7ZxIuNn+h9ZNx\nrlPoZ3jzdvc2xGs5vFgfqyK7t8GC+CMODe4Ds9MmZOzpBmZFi5iiLB1swlsI8uSp\nTArhQiGUYPe9m4QiH1QQamhOsR6HdvWEtG8VMD6Bo8iSJcbQPYVjnAboBjZj8ECL\n0Hs4pg8sN6HXFsDlqnUfZWIC9CV0st1wrJODc1eXmRZnesvJM+JVS7OMNeBxxy7s\nuDaSefCUAKrHCVWrDrtWsou2+M+GU6hnb42qHqMxGbYUPZzlAdaJM+MRxBwzPV1p\nCk6of+ab4PtMgvMZ8iKuBGYzgAffmMagWvamvBYv1Y/CaJanAgQ3T832RQeHQXcq\nDlkAAAc4JmTloCZk5aAAAAAHc3NoLXJzYQAAAgEAtLUhzivFsUKYV91YsLoR/6wA\nJbFi9WdmyR/21eUUjwAyL67pG8f/IHp/g3Jif/29P6IK4c1da7EqstZ9o78+5epK\nnEe/pTV+gQGcZ8ztmU+zzAxMdg2LBJWETfHUR9nN4r/nt/SQjifyZSLiDxfr2B1v\npK0A8kqP3sbhdIVMEYwfW6c25E5yzlqKvbmFEPTm576Glfz6BH+lupGebwiPKAbY\nkij0ZVFoSQ0c5cgYB75V1xNdZtmIhQ0BbTMnDawsiye0upTMls5p9SBJ80IWCBPT\nYxV7dQ6lJdWl9uSo2daixj/TdSeOZQ7KMwnhC+fLAxJzLJ4mVVqtmwoehTm/11JM\ngkZ7ZxIuNn+h9ZNxrlPoZ3jzdvc2xGs5vFgfqyK7t8GC+CMODe4Ds9MmZOzpBmZF\ni5iiLB1swlsI8uSpTArhQiGUYPe9m4QiH1QQamhOsR6HdvWEtG8VMD6Bo8iSJcbQ\nPYVjnAboBjZj8ECL0Hs4pg8sN6HXFsDlqnUfZWIC9CV0st1wrJODc1eXmRZnesvJ\nM+JVS7OMNeBxxy7suDaSefCUAKrHCVWrDrtWsou2+M+GU6hnb42qHqMxGbYUPZzl\nAdaJM+MRxBwzPV1pCk6of+ab4PtMgvMZ8iKuBGYzgAffmMagWvamvBYv1Y/CaJan\nAgQ3T832RQeHQXcqDlkAAAADAQABAAACAGtVt1mtuEQcqT5vVDHMo8o4UPISlhPr\nsiq+mK/d3MM/u4+FFiMRPSH+gOUDuSwK/DDiwBH1GItR9Wm6a3AqtWJ9Mon3OAca\naiSYX11sZKiOpd4KZBQu4Sb85FQj0xJGdbs8f5dNZdt6MMkP2jRa4hRBD8JBnHFO\nBnytpta+Iju9/hZDkSA01I5rS0N8AWTcApceHPTUCXFInJjfy7pp3BZLUrImL1xK\n6WWSq1p06okW7gfNEcp4ZVWaLwG8w3KklOSm1fuJTKg6vMcDwckCtPFhTUrqRKV3\n6HI7n9OxZ/XUPmUBHknVEAhIq6N7N7gJmxUdDVowKdbDAKE5dn1tmtt8FB+Gp7XH\npCiTsCoQfP7Z9myvW5cxeotGsxJ8YhnXoDh2FB+71hGyFdnSgfuL+j67zbZ9/BSs\n9qSC4b/Ye0Msgw9O+VJt7tgsdij5P7A9WLD0xxM7mzSoG1XHzTrVQDzN+URGWwMW\n9qmlVv4x9rXpBglzwF5qI41KO3vPv3vJiuB2ZJwhFeVgEu9sYR8HKWgyCpfwBNa0\n3pREyOw58EWjt8WjX3sRw1H1mpbOm3LvFKVnC9kCsRjC7AJ+azTlTrSo+dIdCFDZ\nuN39TygoWZmobtVoT+vTGOCRykItN1s0J5x+FvMDq5ubvXIpFpcCe2lidRfqiIqZ\nvv43x/+820+BAAABAQCyGnynw6357+pFRMwNgzkLtzkNUrCQqqvnYfFIVbuTRww0\nFpjLCjBYbnLj+l2upoUtYvE8jbs34azJIeKEq8/U3JKaPWsiVQmaUJzS6DuEdJR9\nzr39VoCWf7oxsCFs1m+Dnp+Ll3ISJj/giPjmilXxGemNpkcnWA8gN/yPX12sK1F7\nEs1pjvytmpJd8MuW7ekNEpcFBLfgUDRYciku53lp4+PBj8ZW9TYtBDDpfM7J1l/K\n7MeyiLp6V/bhpDT0G7wEfQWKgaRjhf+Z4NMPmSAdb6EvXStNVgSEcJYyWqP5Ib65\nYSOS7bCjt3DPRssG5Dnw7+6Nqykgm6vU8mIklYo5AAABAQDaqSyanuPctwgx5KG1\nJkDQE9fOHqXLHcRUAfUuT7RWhTGKZ5BbfGdhTEfhr8erLwiZkFQz9WJ8snZ0Q0jA\nqOmtyxegoqzzwcdc+GlLA+B3Ir2sIwcGVVMvIxxhAn2dDWWqOPLFhHCfpIq5RbRv\nDZ99uK+w1yv2LaU8wNIQ2psPuhNffSIVBgb6XKXEn1mzlqYJQb3KrOUvzVKYJcQz\nPvngc54dE8iXGAI2bewbdKGcfaP0Ptitk5hgzFFekrJWrxNgSKkylyari1+FRWJE\nKKUf7HwJ/JyGLkFuJxPChe6RGCJbWxQqxmzJ4NRsAThvJINwLTq6rkD+BO9olU5S\n//1JAAABAQDTkNFtfuapYA6ItkJ0zv/1cv1CETfB24GE+4RgemxVSORBiIx7l8vI\nyCcUSWat6pzbPtG8sJxZVQRBK3Zy0a/5LRsRkYbuvXbCY++OeTRKaFBZRtzwwQNH\nAjyQ1CveW2d3gmkF8Qjj+UbWhS1j1PYdBVydBQ47ZWu3mxhwFadVsYdHm34Kx2yC\nNFWBqDJjny1E1DioenxZqUvq1OmqM0K2jDqJ6PcZr3a0WvhAXZZcHMRV2Udxh/Ic\ns/4q3GXHG5n423xdTILNipcv9Gcj11ZGC2nE2KOeOQR+DskmgRZygFsJ6bcUJJcu\nCQ6t2nYb7M5t/bSWHVyVQepcb7oQxtiRAAAAAAEC\n-----END OPENSSH PRIVATE KEY-----\n",
            "private_key_pem": "-----BEGIN RSA PRIVATE KEY-----\nMIIJKQIBAAKCAgEAtLUhzivFsUKYV91YsLoR/6wAJbFi9WdmyR/21eUUjwAyL67p\nG8f/IHp/g3Jif/29P6IK4c1da7EqstZ9o78+5epKnEe/pTV+gQGcZ8ztmU+zzAxM\ndg2LBJWETfHUR9nN4r/nt/SQjifyZSLiDxfr2B1vpK0A8kqP3sbhdIVMEYwfW6c2\n5E5yzlqKvbmFEPTm576Glfz6BH+lupGebwiPKAbYkij0ZVFoSQ0c5cgYB75V1xNd\nZtmIhQ0BbTMnDawsiye0upTMls5p9SBJ80IWCBPTYxV7dQ6lJdWl9uSo2daixj/T\ndSeOZQ7KMwnhC+fLAxJzLJ4mVVqtmwoehTm/11JMgkZ7ZxIuNn+h9ZNxrlPoZ3jz\ndvc2xGs5vFgfqyK7t8GC+CMODe4Ds9MmZOzpBmZFi5iiLB1swlsI8uSpTArhQiGU\nYPe9m4QiH1QQamhOsR6HdvWEtG8VMD6Bo8iSJcbQPYVjnAboBjZj8ECL0Hs4pg8s\nN6HXFsDlqnUfZWIC9CV0st1wrJODc1eXmRZnesvJM+JVS7OMNeBxxy7suDaSefCU\nAKrHCVWrDrtWsou2+M+GU6hnb42qHqMxGbYUPZzlAdaJM+MRxBwzPV1pCk6of+ab\n4PtMgvMZ8iKuBGYzgAffmMagWvamvBYv1Y/CaJanAgQ3T832RQeHQXcqDlkCAwEA\nAQKCAgBrVbdZrbhEHKk+b1QxzKPKOFDyEpYT67Iqvpiv3dzDP7uPhRYjET0h/oDl\nA7ksCvww4sAR9RiLUfVpumtwKrVifTKJ9zgHGmokmF9dbGSojqXeCmQULuEm/ORU\nI9MSRnW7PH+XTWXbejDJD9o0WuIUQQ/CQZxxTgZ8rabWviI7vf4WQ5EgNNSOa0tD\nfAFk3AKXHhz01AlxSJyY38u6adwWS1KyJi9cSullkqtadOqJFu4HzRHKeGVVmi8B\nvMNypJTkptX7iUyoOrzHA8HJArTxYU1K6kSld+hyO5/TsWf11D5lAR5J1RAISKuj\neze4CZsVHQ1aMCnWwwChOXZ9bZrbfBQfhqe1x6Qok7AqEHz+2fZsr1uXMXqLRrMS\nfGIZ16A4dhQfu9YRshXZ0oH7i/o+u822ffwUrPakguG/2HtDLIMPTvlSbe7YLHYo\n+T+wPViw9McTO5s0qBtVx8061UA8zflERlsDFvappVb+Mfa16QYJc8BeaiONSjt7\nz797yYrgdmScIRXlYBLvbGEfByloMgqX8ATWtN6URMjsOfBFo7fFo197EcNR9ZqW\nzpty7xSlZwvZArEYwuwCfms05U60qPnSHQhQ2bjd/U8oKFmZqG7VaE/r0xjgkcpC\nLTdbNCecfhbzA6ubm71yKRaXAntpYnUX6oiKmb7+N8f/vNtPgQKCAQEA2qksmp7j\n3LcIMeShtSZA0BPXzh6lyx3EVAH1Lk+0VoUximeQW3xnYUxH4a/Hqy8ImZBUM/Vi\nfLJ2dENIwKjprcsXoKKs88HHXPhpSwPgdyK9rCMHBlVTLyMcYQJ9nQ1lqjjyxYRw\nn6SKuUW0bw2ffbivsNcr9i2lPMDSENqbD7oTX30iFQYG+lylxJ9Zs5amCUG9yqzl\nL81SmCXEMz754HOeHRPIlxgCNm3sG3ShnH2j9D7YrZOYYMxRXpKyVq8TYEipMpcm\nq4tfhUViRCilH+x8Cfychi5BbicTwoXukRgiW1sUKsZsyeDUbAE4bySDcC06uq5A\n/gTvaJVOUv/9SQKCAQEA05DRbX7mqWAOiLZCdM7/9XL9QhE3wduBhPuEYHpsVUjk\nQYiMe5fLyMgnFElmreqc2z7RvLCcWVUEQSt2ctGv+S0bEZGG7r12wmPvjnk0SmhQ\nWUbc8MEDRwI8kNQr3ltnd4JpBfEI4/lG1oUtY9T2HQVcnQUOO2Vrt5sYcBWnVbGH\nR5t+CsdsgjRVgagyY58tRNQ4qHp8WalL6tTpqjNCtow6iej3Ga92tFr4QF2WXBzE\nVdlHcYfyHLP+KtxlxxuZ+Nt8XUyCzYqXL/RnI9dWRgtpxNijnjkEfg7JJoEWcoBb\nCem3FCSXLgkOrdp2G+zObf20lh1clUHqXG+6EMbYkQKCAQEA0p3dXtnpNbH/bL+C\nm1BLYaGbXujaXXlAoIJ6Pa98T1JgU6ZJwDVmBqxJGLQOKW9WY0RINvwHb4Ee5AHj\nU9/fpg1XptzKpshiVcTY9u63CUonVGUw4QLS6zZwoWiaweojoQDVpzdYnA0LqkXf\n9JA0rg50/Gtl5uw0mv5H2QAYF9/txS5s4784fXM8INY0uu1C5Ouz+kLrR04IXpES\nGSJx4aa8B9oEfrUbfH4IzLFc8bV7dUoLv7XJMoPbZLL8oM5mZXnXr+kz0EyhJ2eb\nrXdRBhztpVjzE7P+RjHRsK79Cjkq7sAd/s29//5V3eqXB0cua6DFTweFhqgOSrh2\nBzCYMQKCAQBXAza/O/QOMU2I+Lz4YbJv9q0moQI3ntn0IaXeMDuiD+qg8VIl+tZ7\na6Z294FdgiKlIX8Nhe2n6Alp7EA5FPi1GNILNbkzM4VGieeax0q0V5bEQRrZgeih\nKdBTGJA6UYmKY35iTTIE4R87V2bFqm7WnL/sbInf7+SPjSBN6Pn7ippC3zbFpCOC\noZeRTeX7hxoNNuNel5HRJonsuUipEZAcmCvzUHdgfwPpRYjYoCUZGVO+ozB5BxqS\np4yfgCnz6+w1p7/Md41Mj/WCaZiJ6yS2hjcoGJmil3y7g8VDKtBao2PN/euoQyxS\naLM62aC993UnU7MUEltjn8qN3f2+rKmhAoIBAQCyGnynw6357+pFRMwNgzkLtzkN\nUrCQqqvnYfFIVbuTRww0FpjLCjBYbnLj+l2upoUtYvE8jbs34azJIeKEq8/U3JKa\nPWsiVQmaUJzS6DuEdJR9zr39VoCWf7oxsCFs1m+Dnp+Ll3ISJj/giPjmilXxGemN\npkcnWA8gN/yPX12sK1F7Es1pjvytmpJd8MuW7ekNEpcFBLfgUDRYciku53lp4+PB\nj8ZW9TYtBDDpfM7J1l/K7MeyiLp6V/bhpDT0G7wEfQWKgaRjhf+Z4NMPmSAdb6Ev\nXStNVgSEcJYyWqP5Ib65YSOS7bCjt3DPRssG5Dnw7+6Nqykgm6vU8mIklYo5\n-----END RSA PRIVATE KEY-----\n",
            "private_key_pem_pkcs8": "-----BEGIN PRIVATE KEY-----\nMIIJQwIBADANBgkqhkiG9w0BAQEFAASCCS0wggkpAgEAAoICAQC0tSHOK8WxQphX\n3ViwuhH/rAAlsWL1Z2bJH/bV5RSPADIvrukbx/8gen+DcmJ//b0/ogrhzV1rsSqy\n1n2jvz7l6kqcR7+lNX6BAZxnzO2ZT7PMDEx2DYsElYRN8dRH2c3iv+e39JCOJ/Jl\nIuIPF+vYHW+krQDySo/exuF0hUwRjB9bpzbkTnLOWoq9uYUQ9ObnvoaV/PoEf6W6\nkZ5vCI8oBtiSKPRlUWhJDRzlyBgHvlXXE11m2YiFDQFtMycNrCyLJ7S6lMyWzmn1\nIEnzQhYIE9NjFXt1DqUl1aX25KjZ1qLGP9N1J45lDsozCeEL58sDEnMsniZVWq2b\nCh6FOb/XUkyCRntnEi42f6H1k3GuU+hnePN29zbEazm8WB+rIru3wYL4Iw4N7gOz\n0yZk7OkGZkWLmKIsHWzCWwjy5KlMCuFCIZRg972bhCIfVBBqaE6xHod29YS0bxUw\nPoGjyJIlxtA9hWOcBugGNmPwQIvQezimDyw3odcWwOWqdR9lYgL0JXSy3XCsk4Nz\nV5eZFmd6y8kz4lVLs4w14HHHLuy4NpJ58JQAqscJVasOu1ayi7b4z4ZTqGdvjaoe\nozEZthQ9nOUB1okz4xHEHDM9XWkKTqh/5pvg+0yC8xnyIq4EZjOAB9+YxqBa9qa8\nFi/Vj8JolqcCBDdPzfZFB4dBdyoOWQIDAQABAoICAGtVt1mtuEQcqT5vVDHMo8o4\nUPISlhPrsiq+mK/d3MM/u4+FFiMRPSH+gOUDuSwK/DDiwBH1GItR9Wm6a3AqtWJ9\nMon3OAcaaiSYX11sZKiOpd4KZBQu4Sb85FQj0xJGdbs8f5dNZdt6MMkP2jRa4hRB\nD8JBnHFOBnytpta+Iju9/hZDkSA01I5rS0N8AWTcApceHPTUCXFInJjfy7pp3BZL\nUrImL1xK6WWSq1p06okW7gfNEcp4ZVWaLwG8w3KklOSm1fuJTKg6vMcDwckCtPFh\nTUrqRKV36HI7n9OxZ/XUPmUBHknVEAhIq6N7N7gJmxUdDVowKdbDAKE5dn1tmtt8\nFB+Gp7XHpCiTsCoQfP7Z9myvW5cxeotGsxJ8YhnXoDh2FB+71hGyFdnSgfuL+j67\nzbZ9/BSs9qSC4b/Ye0Msgw9O+VJt7tgsdij5P7A9WLD0xxM7mzSoG1XHzTrVQDzN\n+URGWwMW9qmlVv4x9rXpBglzwF5qI41KO3vPv3vJiuB2ZJwhFeVgEu9sYR8HKWgy\nCpfwBNa03pREyOw58EWjt8WjX3sRw1H1mpbOm3LvFKVnC9kCsRjC7AJ+azTlTrSo\n+dIdCFDZuN39TygoWZmobtVoT+vTGOCRykItN1s0J5x+FvMDq5ubvXIpFpcCe2li\ndRfqiIqZvv43x/+820+BAoIBAQDaqSyanuPctwgx5KG1JkDQE9fOHqXLHcRUAfUu\nT7RWhTGKZ5BbfGdhTEfhr8erLwiZkFQz9WJ8snZ0Q0jAqOmtyxegoqzzwcdc+GlL\nA+B3Ir2sIwcGVVMvIxxhAn2dDWWqOPLFhHCfpIq5RbRvDZ99uK+w1yv2LaU8wNIQ\n2psPuhNffSIVBgb6XKXEn1mzlqYJQb3KrOUvzVKYJcQzPvngc54dE8iXGAI2bewb\ndKGcfaP0Ptitk5hgzFFekrJWrxNgSKkylyari1+FRWJEKKUf7HwJ/JyGLkFuJxPC\nhe6RGCJbWxQqxmzJ4NRsAThvJINwLTq6rkD+BO9olU5S//1JAoIBAQDTkNFtfuap\nYA6ItkJ0zv/1cv1CETfB24GE+4RgemxVSORBiIx7l8vIyCcUSWat6pzbPtG8sJxZ\nVQRBK3Zy0a/5LRsRkYbuvXbCY++OeTRKaFBZRtzwwQNHAjyQ1CveW2d3gmkF8Qjj\n+UbWhS1j1PYdBVydBQ47ZWu3mxhwFadVsYdHm34Kx2yCNFWBqDJjny1E1DioenxZ\nqUvq1OmqM0K2jDqJ6PcZr3a0WvhAXZZcHMRV2Udxh/Ics/4q3GXHG5n423xdTILN\nipcv9Gcj11ZGC2nE2KOeOQR+DskmgRZygFsJ6bcUJJcuCQ6t2nYb7M5t/bSWHVyV\nQepcb7oQxtiRAoIBAQDSnd1e2ek1sf9sv4KbUEthoZte6NpdeUCggno9r3xPUmBT\npknANWYGrEkYtA4pb1ZjREg2/AdvgR7kAeNT39+mDVem3MqmyGJVxNj27rcJSidU\nZTDhAtLrNnChaJrB6iOhANWnN1icDQuqRd/0kDSuDnT8a2Xm7DSa/kfZABgX3+3F\nLmzjvzh9czwg1jS67ULk67P6QutHTghekRIZInHhprwH2gR+tRt8fgjMsVzxtXt1\nSgu/tckyg9tksvygzmZledev6TPQTKEnZ5utd1EGHO2lWPMTs/5GMdGwrv0KOSru\nwB3+zb3//lXd6pcHRy5roMVPB4WGqA5KuHYHMJgxAoIBAFcDNr879A4xTYj4vPhh\nsm/2rSahAjee2fQhpd4wO6IP6qDxUiX61ntrpnb3gV2CIqUhfw2F7afoCWnsQDkU\n+LUY0gs1uTMzhUaJ55rHSrRXlsRBGtmB6KEp0FMYkDpRiYpjfmJNMgThHztXZsWq\nbtacv+xsid/v5I+NIE3o+fuKmkLfNsWkI4Khl5FN5fuHGg02416XkdEmiey5SKkR\nkByYK/NQd2B/A+lFiNigJRkZU76jMHkHGpKnjJ+AKfPr7DWnv8x3jUyP9YJpmInr\nJLaGNygYmaKXfLuDxUMq0FqjY83966hDLFJoszrZoL33dSdTsxQSW2Ofyo3d/b6s\nqaECggEBALIafKfDrfnv6kVEzA2DOQu3OQ1SsJCqq+dh8UhVu5NHDDQWmMsKMFhu\ncuP6Xa6mhS1i8TyNuzfhrMkh4oSrz9Tckpo9ayJVCZpQnNLoO4R0lH3Ovf1WgJZ/\nujGwIWzWb4Oen4uXchImP+CI+OaKVfEZ6Y2mRydYDyA3/I9fXawrUXsSzWmO/K2a\nkl3wy5bt6Q0SlwUEt+BQNFhyKS7neWnj48GPxlb1Ni0EMOl8zsnWX8rsx7KIunpX\n9uGkNPQbvAR9BYqBpGOF/5ng0w+ZIB1voS9dK01WBIRwljJao/khvrlhI5LtsKO3\ncM9GywbkOfDv7o2rKSCbq9TyYiSVijk=\n-----END PRIVATE KEY-----\n",
            "public_key_fingerprint_md5": "d0:6e:a2:02:39:ec:94:ef:38:a6:84:35:f8:2b:aa:54",
            "public_key_fingerprint_sha256": "SHA256:bMilOYLPy7nsbY2RPDEL1VwBUz63ozb290Ha6i8o+nA",
            "public_key_openssh": "ssh-rsa AAAAB3NzaC1yc2EAAAADAQABAAACAQC0tSHOK8WxQphX3ViwuhH/rAAlsWL1Z2bJH/bV5RSPADIvrukbx/8gen+DcmJ//b0/ogrhzV1rsSqy1n2jvz7l6kqcR7+lNX6BAZxnzO2ZT7PMDEx2DYsElYRN8dRH2c3iv+e39JCOJ/JlIuIPF+vYHW+krQDySo/exuF0hUwRjB9bpzbkTnLOWoq9uYUQ9ObnvoaV/PoEf6W6kZ5vCI8oBtiSKPRlUWhJDRzlyBgHvlXXE11m2YiFDQFtMycNrCyLJ7S6lMyWzmn1IEnzQhYIE9NjFXt1DqUl1aX25KjZ1qLGP9N1J45lDsozCeEL58sDEnMsniZVWq2bCh6FOb/XUkyCRntnEi42f6H1k3GuU+hnePN29zbEazm8WB+rIru3wYL4Iw4N7gOz0yZk7OkGZkWLmKIsHWzCWwjy5KlMCuFCIZRg972bhCIfVBBqaE6xHod29YS0bxUwPoGjyJIlxtA9hWOcBugGNmPwQIvQezimDyw3odcWwOWqdR9lYgL0JXSy3XCsk4NzV5eZFmd6y8kz4lVLs4w14HHHLuy4NpJ58JQAqscJVasOu1ayi7b4z4ZTqGdvjaoeozEZthQ9nOUB1okz4xHEHDM9XWkKTqh/5pvg+0yC8xnyIq4EZjOAB9+YxqBa9qa8Fi/Vj8JolqcCBDdPzfZFB4dBdyoOWQ==\n",
            "public_key_pem": "-----BEGIN PUBLIC KEY-----\nMIICIjANBgkqhkiG9w0BAQEFAAOCAg8AMIICCgKCAgEAtLUhzivFsUKYV91YsLoR\n/6wAJbFi9WdmyR/21eUUjwAyL67pG8f/IHp/g3Jif/29P6IK4c1da7EqstZ9o78+\n5epKnEe/pTV+gQGcZ8ztmU+zzAxMdg2LBJWETfHUR9nN4r/nt/SQjifyZSLiDxfr\n2B1vpK0A8kqP3sbhdIVMEYwfW6c25E5yzlqKvbmFEPTm576Glfz6BH+lupGebwiP\nKAbYkij0ZVFoSQ0c5cgYB75V1xNdZtmIhQ0BbTMnDawsiye0upTMls5p9SBJ80IW\nCBPTYxV7dQ6lJdWl9uSo2daixj/TdSeOZQ7KMwnhC+fLAxJzLJ4mVVqtmwoehTm/\n11JMgkZ7ZxIuNn+h9ZNxrlPoZ3jzdvc2xGs5vFgfqyK7t8GC+CMODe4Ds9MmZOzp\nBmZFi5iiLB1swlsI8uSpTArhQiGUYPe9m4QiH1QQamhOsR6HdvWEtG8VMD6Bo8iS\nJcbQPYVjnAboBjZj8ECL0Hs4pg8sN6HXFsDlqnUfZWIC9CV0st1wrJODc1eXmRZn\nesvJM+JVS7OMNeBxxy7suDaSefCUAKrHCVWrDrtWsou2+M+GU6hnb42qHqMxGbYU\nPZzlAdaJM+MRxBwzPV1pCk6of+ab4PtMgvMZ8iKuBGYzgAffmMagWvamvBYv1Y/C\naJanAgQ3T832RQeHQXcqDlkCAwEAAQ==\n-----END PUBLIC KEY-----\n",
            "rsa_bits": 4096
          },
          "sensitive_attributes": []
        }
      ]
    }
  ],
  "check_results": null
}
